
Microsoft Visual Studio Solution File, Format Version 12.00
# Visual Studio 15
VisualStudioVersion = 15.0.28010.2046
MinimumVisualStudioVersion = 10.0.40219.1
Project("{2150E333-8FDC-42A3-9474-1A3956D46DE8}") = "Libraries", "Libraries", "{DA17BF79-8ED3-4B20-82F8-FD85FB1A86AC}"
EndProject
Project("{2150E333-8FDC-42A3-9474-1A3956D46DE8}") = "Plugins", "Plugins", "{AC79F1A7-114F-4611-9E74-0142EC4CCDF8}"
EndProject
Project("{2150E333-8FDC-42A3-9474-1A3956D46DE8}") = "Presentation", "Presentation", "{E48FA619-B9FA-43DA-9E27-D8C8BEE0E18B}"
EndProject
Project("{9A19103F-16F7-4668-BE54-9A1E7A4F7556}") = "Nl.WebFramework", "Presentation\Nl.WebFramework\Nl.WebFramework.csproj", "{BBFC59A3-E9C0-4AD1-A79C-023529B68637}"
EndProject
Project("{9A19103F-16F7-4668-BE54-9A1E7A4F7556}") = "Nl.Core", "Libraries\Nl.Core\Nl.Core.csproj", "{FB706D4E-2FC2-470B-8A0F-FC20614CD545}"
EndProject
Project("{9A19103F-16F7-4668-BE54-9A1E7A4F7556}") = "Nl.Data", "Libraries\Nl.Data\Nl.Data.csproj", "{E1289FBF-E4DE-408E-8873-6CF91D4B65E9}"
EndProject
Project("{9A19103F-16F7-4668-BE54-9A1E7A4F7556}") = "Nl.Service", "Libraries\Nl.Service\Nl.Service.csproj", "{D244F65E-75AD-412F-AA31-A2FA2504C516}"
EndProject
Project("{FAE04EC0-301F-11D3-BF4B-00C04F79EFBC}") = "Nl.Web", "Presentation\Nl.Web\Nl.Web.csproj", "{36DF52F5-1E50-4A64-AA67-3A0E42010ABF}"
EndProject
Project("{9A19103F-16F7-4668-BE54-9A1E7A4F7556}") = "Nop.Plugin.DiscountRules.CustomerRoles", "Plugins\Nop.Plugin.DiscountRules.CustomerRoles\Nop.Plugin.DiscountRules.CustomerRoles.csproj", "{CBE49715-AB4C-4C6E-BE4C-3305988BE8D1}"
EndProject
Project("{9A19103F-16F7-4668-BE54-9A1E7A4F7556}") = "Nop.Plugin.ExchangeRate.EcbExchange", "Plugins\Nop.Plugin.ExchangeRate.EcbExchange\Nop.Plugin.ExchangeRate.EcbExchange.csproj", "{27CC9EE6-82EA-44BC-A356-10A4E9A23707}"
EndProject
Project("{9A19103F-16F7-4668-BE54-9A1E7A4F7556}") = "Nop.Plugin.ExternalAuth.Facebook", "Plugins\Nop.Plugin.ExternalAuth.Facebook\Nop.Plugin.ExternalAuth.Facebook.csproj", "{7CB8B040-4E23-4D70-A99C-23B26CAEBA02}"
EndProject
Project("{9A19103F-16F7-4668-BE54-9A1E7A4F7556}") = "Nop.Plugin.Payments.CheckMoneyOrder", "Plugins\Nop.Plugin.Payments.CheckMoneyOrder\Nop.Plugin.Payments.CheckMoneyOrder.csproj", "{3593B9B9-EAEC-4CB4-AFC6-81552AAE5DD9}"
EndProject
Project("{9A19103F-16F7-4668-BE54-9A1E7A4F7556}") = "Nop.Plugin.Payments.Manual", "Plugins\Nop.Plugin.Payments.Manual\Nop.Plugin.Payments.Manual.csproj", "{C4E3C9C1-3941-4CED-9DE5-E149E7D0108F}"
EndProject
Project("{9A19103F-16F7-4668-BE54-9A1E7A4F7556}") = "Nop.Plugin.Payments.PayPalStandard", "Plugins\Nop.Plugin.Payments.PayPalStandard\Nop.Plugin.Payments.PayPalStandard.csproj", "{5E155866-A9F8-4A2E-9393-7BB805690254}"
EndProject
Project("{9A19103F-16F7-4668-BE54-9A1E7A4F7556}") = "Nop.Plugin.Payments.Square", "Plugins\Nop.Plugin.Payments.Square\Nop.Plugin.Payments.Square.csproj", "{93E5D342-794F-4DDD-B65B-888D69BB10C9}"
EndProject
Project("{9A19103F-16F7-4668-BE54-9A1E7A4F7556}") = "Nop.Plugin.Pickup.PickupInStore", "Plugins\Nop.Plugin.Pickup.PickupInStore\Nop.Plugin.Pickup.PickupInStore.csproj", "{83B1012A-BC71-48ED-A1CC-C195C2278F78}"
EndProject
Project("{9A19103F-16F7-4668-BE54-9A1E7A4F7556}") = "Nop.Plugin.Shipping.FixedByWeightByTotal", "Plugins\Nop.Plugin.Shipping.FixedByWeightByTotal\Nop.Plugin.Shipping.FixedByWeightByTotal.csproj", "{2DF473F5-19CE-4827-ACAE-62F9CBD0B1F9}"
EndProject
Project("{9A19103F-16F7-4668-BE54-9A1E7A4F7556}") = "Nop.Plugin.Shipping.UPS", "Plugins\Nop.Plugin.Shipping.UPS\Nop.Plugin.Shipping.UPS.csproj", "{70EBC85B-D813-4494-AB51-FBF317606255}"
EndProject
Project("{9A19103F-16F7-4668-BE54-9A1E7A4F7556}") = "Nop.Plugin.Tax.FixedOrByCountryStateZip", "Plugins\Nop.Plugin.Tax.FixedOrByCountryStateZip\Nop.Plugin.Tax.FixedOrByCountryStateZip.csproj", "{6B8D8C4F-A611-4FF7-AC1B-564B65CDBCA6}"
EndProject
Project("{9A19103F-16F7-4668-BE54-9A1E7A4F7556}") = "Nop.Plugin.Widgets.GoogleAnalytics", "Plugins\Nop.Plugin.Widgets.GoogleAnalytics\Nop.Plugin.Widgets.GoogleAnalytics.csproj", "{473CA0E4-04D7-4791-89C7-E9C3DE261B1C}"
EndProject
Project("{9A19103F-16F7-4668-BE54-9A1E7A4F7556}") = "Nop.Plugin.Widgets.NivoSlider", "Plugins\Nop.Plugin.Widgets.NivoSlider\Nop.Plugin.Widgets.NivoSlider.csproj", "{131F30A9-F752-445B-AEC8-D6095EA7B317}"
EndProject
Global
	GlobalSection(SolutionConfigurationPlatforms) = preSolution
		Debug|Any CPU = Debug|Any CPU
		Release|Any CPU = Release|Any CPU
	EndGlobalSection
	GlobalSection(ProjectConfigurationPlatforms) = postSolution
		{BBFC59A3-E9C0-4AD1-A79C-023529B68637}.Debug|Any CPU.ActiveCfg = Debug|Any CPU
		{BBFC59A3-E9C0-4AD1-A79C-023529B68637}.Debug|Any CPU.Build.0 = Debug|Any CPU
		{BBFC59A3-E9C0-4AD1-A79C-023529B68637}.Release|Any CPU.ActiveCfg = Release|Any CPU
		{BBFC59A3-E9C0-4AD1-A79C-023529B68637}.Release|Any CPU.Build.0 = Release|Any CPU
		{FB706D4E-2FC2-470B-8A0F-FC20614CD545}.Debug|Any CPU.ActiveCfg = Debug|Any CPU
		{FB706D4E-2FC2-470B-8A0F-FC20614CD545}.Debug|Any CPU.Build.0 = Debug|Any CPU
		{FB706D4E-2FC2-470B-8A0F-FC20614CD545}.Release|Any CPU.ActiveCfg = Release|Any CPU
		{FB706D4E-2FC2-470B-8A0F-FC20614CD545}.Release|Any CPU.Build.0 = Release|Any CPU
		{E1289FBF-E4DE-408E-8873-6CF91D4B65E9}.Debug|Any CPU.ActiveCfg = Debug|Any CPU
		{E1289FBF-E4DE-408E-8873-6CF91D4B65E9}.Debug|Any CPU.Build.0 = Debug|Any CPU
		{E1289FBF-E4DE-408E-8873-6CF91D4B65E9}.Release|Any CPU.ActiveCfg = Release|Any CPU
		{E1289FBF-E4DE-408E-8873-6CF91D4B65E9}.Release|Any CPU.Build.0 = Release|Any CPU
		{D244F65E-75AD-412F-AA31-A2FA2504C516}.Debug|Any CPU.ActiveCfg = Debug|Any CPU
		{D244F65E-75AD-412F-AA31-A2FA2504C516}.Debug|Any CPU.Build.0 = Debug|Any CPU
		{D244F65E-75AD-412F-AA31-A2FA2504C516}.Release|Any CPU.ActiveCfg = Release|Any CPU
		{D244F65E-75AD-412F-AA31-A2FA2504C516}.Release|Any CPU.Build.0 = Release|Any CPU
		{36DF52F5-1E50-4A64-AA67-3A0E42010ABF}.Debug|Any CPU.ActiveCfg = Debug|Any CPU
		{36DF52F5-1E50-4A64-AA67-3A0E42010ABF}.Debug|Any CPU.Build.0 = Debug|Any CPU
		{36DF52F5-1E50-4A64-AA67-3A0E42010ABF}.Release|Any CPU.ActiveCfg = Release|Any CPU
		{36DF52F5-1E50-4A64-AA67-3A0E42010ABF}.Release|Any CPU.Build.0 = Release|Any CPU
		{CBE49715-AB4C-4C6E-BE4C-3305988BE8D1}.Debug|Any CPU.ActiveCfg = Debug|Any CPU
		{CBE49715-AB4C-4C6E-BE4C-3305988BE8D1}.Debug|Any CPU.Build.0 = Debug|Any CPU
		{CBE49715-AB4C-4C6E-BE4C-3305988BE8D1}.Release|Any CPU.ActiveCfg = Release|Any CPU
		{CBE49715-AB4C-4C6E-BE4C-3305988BE8D1}.Release|Any CPU.Build.0 = Release|Any CPU
		{27CC9EE6-82EA-44BC-A356-10A4E9A23707}.Debug|Any CPU.ActiveCfg = Debug|Any CPU
		{27CC9EE6-82EA-44BC-A356-10A4E9A23707}.Debug|Any CPU.Build.0 = Debug|Any CPU
		{27CC9EE6-82EA-44BC-A356-10A4E9A23707}.Release|Any CPU.ActiveCfg = Release|Any CPU
		{27CC9EE6-82EA-44BC-A356-10A4E9A23707}.Release|Any CPU.Build.0 = Release|Any CPU
		{7CB8B040-4E23-4D70-A99C-23B26CAEBA02}.Debug|Any CPU.ActiveCfg = Debug|Any CPU
		{7CB8B040-4E23-4D70-A99C-23B26CAEBA02}.Debug|Any CPU.Build.0 = Debug|Any CPU
		{7CB8B040-4E23-4D70-A99C-23B26CAEBA02}.Release|Any CPU.ActiveCfg = Release|Any CPU
		{7CB8B040-4E23-4D70-A99C-23B26CAEBA02}.Release|Any CPU.Build.0 = Release|Any CPU
		{3593B9B9-EAEC-4CB4-AFC6-81552AAE5DD9}.Debug|Any CPU.ActiveCfg = Debug|Any CPU
		{3593B9B9-EAEC-4CB4-AFC6-81552AAE5DD9}.Debug|Any CPU.Build.0 = Debug|Any CPU
		{3593B9B9-EAEC-4CB4-AFC6-81552AAE5DD9}.Release|Any CPU.ActiveCfg = Release|Any CPU
		{3593B9B9-EAEC-4CB4-AFC6-81552AAE5DD9}.Release|Any CPU.Build.0 = Release|Any CPU
		{C4E3C9C1-3941-4CED-9DE5-E149E7D0108F}.Debug|Any CPU.ActiveCfg = Debug|Any CPU
		{C4E3C9C1-3941-4CED-9DE5-E149E7D0108F}.Debug|Any CPU.Build.0 = Debug|Any CPU
		{C4E3C9C1-3941-4CED-9DE5-E149E7D0108F}.Release|Any CPU.ActiveCfg = Release|Any CPU
		{C4E3C9C1-3941-4CED-9DE5-E149E7D0108F}.Release|Any CPU.Build.0 = Release|Any CPU
		{5E155866-A9F8-4A2E-9393-7BB805690254}.Debug|Any CPU.ActiveCfg = Debug|Any CPU
		{5E155866-A9F8-4A2E-9393-7BB805690254}.Debug|Any CPU.Build.0 = Debug|Any CPU
		{5E155866-A9F8-4A2E-9393-7BB805690254}.Release|Any CPU.ActiveCfg = Release|Any CPU
		{5E155866-A9F8-4A2E-9393-7BB805690254}.Release|Any CPU.Build.0 = Release|Any CPU
		{93E5D342-794F-4DDD-B65B-888D69BB10C9}.Debug|Any CPU.ActiveCfg = Debug|Any CPU
		{93E5D342-794F-4DDD-B65B-888D69BB10C9}.Debug|Any CPU.Build.0 = Debug|Any CPU
		{93E5D342-794F-4DDD-B65B-888D69BB10C9}.Release|Any CPU.ActiveCfg = Release|Any CPU
		{93E5D342-794F-4DDD-B65B-888D69BB10C9}.Release|Any CPU.Build.0 = Release|Any CPU
		{83B1012A-BC71-48ED-A1CC-C195C2278F78}.Debug|Any CPU.ActiveCfg = Debug|Any CPU
		{83B1012A-BC71-48ED-A1CC-C195C2278F78}.Debug|Any CPU.Build.0 = Debug|Any CPU
		{83B1012A-BC71-48ED-A1CC-C195C2278F78}.Release|Any CPU.ActiveCfg = Release|Any CPU
		{83B1012A-BC71-48ED-A1CC-C195C2278F78}.Release|Any CPU.Build.0 = Release|Any CPU
		{2DF473F5-19CE-4827-ACAE-62F9CBD0B1F9}.Debug|Any CPU.ActiveCfg = Debug|Any CPU
		{2DF473F5-19CE-4827-ACAE-62F9CBD0B1F9}.Debug|Any CPU.Build.0 = Debug|Any CPU
		{2DF473F5-19CE-4827-ACAE-62F9CBD0B1F9}.Release|Any CPU.ActiveCfg = Release|Any CPU
		{2DF473F5-19CE-4827-ACAE-62F9CBD0B1F9}.Release|Any CPU.Build.0 = Release|Any CPU
		{70EBC85B-D813-4494-AB51-FBF317606255}.Debug|Any CPU.ActiveCfg = Debug|Any CPU
		{70EBC85B-D813-4494-AB51-FBF317606255}.Debug|Any CPU.Build.0 = Debug|Any CPU
		{70EBC85B-D813-4494-AB51-FBF317606255}.Release|Any CPU.ActiveCfg = Release|Any CPU
		{70EBC85B-D813-4494-AB51-FBF317606255}.Release|Any CPU.Build.0 = Release|Any CPU
		{6B8D8C4F-A611-4FF7-AC1B-564B65CDBCA6}.Debug|Any CPU.ActiveCfg = Debug|Any CPU
		{6B8D8C4F-A611-4FF7-AC1B-564B65CDBCA6}.Debug|Any CPU.Build.0 = Debug|Any CPU
		{6B8D8C4F-A611-4FF7-AC1B-564B65CDBCA6}.Release|Any CPU.ActiveCfg = Release|Any CPU
		{6B8D8C4F-A611-4FF7-AC1B-564B65CDBCA6}.Release|Any CPU.Build.0 = Release|Any CPU
		{473CA0E4-04D7-4791-89C7-E9C3DE261B1C}.Debug|Any CPU.ActiveCfg = Debug|Any CPU
		{473CA0E4-04D7-4791-89C7-E9C3DE261B1C}.Debug|Any CPU.Build.0 = Debug|Any CPU
		{473CA0E4-04D7-4791-89C7-E9C3DE261B1C}.Release|Any CPU.ActiveCfg = Release|Any CPU
		{473CA0E4-04D7-4791-89C7-E9C3DE261B1C}.Release|Any CPU.Build.0 = Release|Any CPU
		{131F30A9-F752-445B-AEC8-D6095EA7B317}.Debug|Any CPU.ActiveCfg = Debug|Any CPU
		{131F30A9-F752-445B-AEC8-D6095EA7B317}.Debug|Any CPU.Build.0 = Debug|Any CPU
		{131F30A9-F752-445B-AEC8-D6095EA7B317}.Release|Any CPU.ActiveCfg = Release|Any CPU
		{131F30A9-F752-445B-AEC8-D6095EA7B317}.Release|Any CPU.Build.0 = Release|Any CPU
	EndGlobalSection
	GlobalSection(SolutionProperties) = preSolution
		HideSolutionNode = FALSE
	EndGlobalSection
	GlobalSection(NestedProjects) = preSolution
		{BBFC59A3-E9C0-4AD1-A79C-023529B68637} = {E48FA619-B9FA-43DA-9E27-D8C8BEE0E18B}
		{FB706D4E-2FC2-470B-8A0F-FC20614CD545} = {DA17BF79-8ED3-4B20-82F8-FD85FB1A86AC}
		{E1289FBF-E4DE-408E-8873-6CF91D4B65E9} = {DA17BF79-8ED3-4B20-82F8-FD85FB1A86AC}
		{D244F65E-75AD-412F-AA31-A2FA2504C516} = {DA17BF79-8ED3-4B20-82F8-FD85FB1A86AC}
		{36DF52F5-1E50-4A64-AA67-3A0E42010ABF} = {E48FA619-B9FA-43DA-9E27-D8C8BEE0E18B}
		{CBE49715-AB4C-4C6E-BE4C-3305988BE8D1} = {AC79F1A7-114F-4611-9E74-0142EC4CCDF8}
		{27CC9EE6-82EA-44BC-A356-10A4E9A23707} = {AC79F1A7-114F-4611-9E74-0142EC4CCDF8}
		{7CB8B040-4E23-4D70-A99C-23B26CAEBA02} = {AC79F1A7-114F-4611-9E74-0142EC4CCDF8}
		{3593B9B9-EAEC-4CB4-AFC6-81552AAE5DD9} = {AC79F1A7-114F-4611-9E74-0142EC4CCDF8}
		{C4E3C9C1-3941-4CED-9DE5-E149E7D0108F} = {AC79F1A7-114F-4611-9E74-0142EC4CCDF8}
		{5E155866-A9F8-4A2E-9393-7BB805690254} = {AC79F1A7-114F-4611-9E74-0142EC4CCDF8}
		{93E5D342-794F-4DDD-B65B-888D69BB10C9} = {AC79F1A7-114F-4611-9E74-0142EC4CCDF8}
		{83B1012A-BC71-48ED-A1CC-C195C2278F78} = {AC79F1A7-114F-4611-9E74-0142EC4CCDF8}
		{2DF473F5-19CE-4827-ACAE-62F9CBD0B1F9} = {AC79F1A7-114F-4611-9E74-0142EC4CCDF8}
		{70EBC85B-D813-4494-AB51-FBF317606255} = {AC79F1A7-114F-4611-9E74-0142EC4CCDF8}
		{6B8D8C4F-A611-4FF7-AC1B-564B65CDBCA6} = {AC79F1A7-114F-4611-9E74-0142EC4CCDF8}
		{473CA0E4-04D7-4791-89C7-E9C3DE261B1C} = {AC79F1A7-114F-4611-9E74-0142EC4CCDF8}
		{131F30A9-F752-445B-AEC8-D6095EA7B317} = {AC79F1A7-114F-4611-9E74-0142EC4CCDF8}
	EndGlobalSection
	GlobalSection(ExtensibilityGlobals) = postSolution
		SolutionGuid = {973E9488-538C-4BFA-960F-0BCA187307BD}
	EndGlobalSection
EndGlobal
